
Microsoft Visual Studio Solution File, Format Version 12.00
# Visual Studio Version 17
VisualStudioVersion = 17.5.33209.295
MinimumVisualStudioVersion = 10.0.40219.1
Project("{9A19103F-16F7-4668-BE54-9A1E7A4F7556}") = "TaskManager", "TaskManager\TaskManager.csproj", "{EC49C7CF-7C13-41F9-AB80-B123F9F638F0}"
EndProject
Project("{FAE04EC0-301F-11D3-BF4B-00C04F79EFBC}") = "TaskManagerModels", "TaskManagerModels\TaskManagerModels.csproj", "{F6BBD84B-D41C-4FF7-9208-7EE53D5DB9A5}"
EndProject
Project("{FAE04EC0-301F-11D3-BF4B-00C04F79EFBC}") = "TaskManagerRepositories", "TaskManagerRepositories\TaskManagerRepositories.csproj", "{E09CEF20-9D4C-4542-B99E-A349D06F16F9}"
EndProject
Project("{FAE04EC0-301F-11D3-BF4B-00C04F79EFBC}") = "TaskMangaerServices", "TaskMangaerServices\TaskMangaerServices.csproj", "{1DAEA02C-0541-4DFC-96E9-5E0A7F017D12}"
EndProject
Project("{FAE04EC0-301F-11D3-BF4B-00C04F79EFBC}") = "TaskManagerViewModels", "TaskManagerViewModels\TaskManagerViewModels.csproj", "{EB12CE08-F745-417D-A9DC-DF2126902A48}"
EndProject
Project("{FAE04EC0-301F-11D3-BF4B-00C04F79EFBC}") = "TaskMangerUtitlities", "TaskMangerUtitlities\TaskMangerUtitlities.csproj", "{E744534B-A0FE-4053-BB69-1C48BCD38C02}"
EndProject
Global
	GlobalSection(SolutionConfigurationPlatforms) = preSolution
		Debug|Any CPU = Debug|Any CPU
		Release|Any CPU = Release|Any CPU
	EndGlobalSection
	GlobalSection(ProjectConfigurationPlatforms) = postSolution
		{EC49C7CF-7C13-41F9-AB80-B123F9F638F0}.Debug|Any CPU.ActiveCfg = Debug|Any CPU
		{EC49C7CF-7C13-41F9-AB80-B123F9F638F0}.Debug|Any CPU.Build.0 = Debug|Any CPU
		{EC49C7CF-7C13-41F9-AB80-B123F9F638F0}.Release|Any CPU.ActiveCfg = Release|Any CPU
		{EC49C7CF-7C13-41F9-AB80-B123F9F638F0}.Release|Any CPU.Build.0 = Release|Any CPU
		{F6BBD84B-D41C-4FF7-9208-7EE53D5DB9A5}.Debug|Any CPU.ActiveCfg = Debug|Any CPU
		{F6BBD84B-D41C-4FF7-9208-7EE53D5DB9A5}.Debug|Any CPU.Build.0 = Debug|Any CPU
		{F6BBD84B-D41C-4FF7-9208-7EE53D5DB9A5}.Release|Any CPU.ActiveCfg = Release|Any CPU
		{F6BBD84B-D41C-4FF7-9208-7EE53D5DB9A5}.Release|Any CPU.Build.0 = Release|Any CPU
		{E09CEF20-9D4C-4542-B99E-A349D06F16F9}.Debug|Any CPU.ActiveCfg = Debug|Any CPU
		{E09CEF20-9D4C-4542-B99E-A349D06F16F9}.Debug|Any CPU.Build.0 = Debug|Any CPU
		{E09CEF20-9D4C-4542-B99E-A349D06F16F9}.Release|Any CPU.ActiveCfg = Release|Any CPU
		{E09CEF20-9D4C-4542-B99E-A349D06F16F9}.Release|Any CPU.Build.0 = Release|Any CPU
		{1DAEA02C-0541-4DFC-96E9-5E0A7F017D12}.Debug|Any CPU.ActiveCfg = Debug|Any CPU
		{1DAEA02C-0541-4DFC-96E9-5E0A7F017D12}.Debug|Any CPU.Build.0 = Debug|Any CPU
		{1DAEA02C-0541-4DFC-96E9-5E0A7F017D12}.Release|Any CPU.ActiveCfg = Release|Any CPU
		{1DAEA02C-0541-4DFC-96E9-5E0A7F017D12}.Release|Any CPU.Build.0 = Release|Any CPU
		{EB12CE08-F745-417D-A9DC-DF2126902A48}.Debug|Any CPU.ActiveCfg = Debug|Any CPU
		{EB12CE08-F745-417D-A9DC-DF2126902A48}.Debug|Any CPU.Build.0 = Debug|Any CPU
		{EB12CE08-F745-417D-A9DC-DF2126902A48}.Release|Any CPU.ActiveCfg = Release|Any CPU
		{EB12CE08-F745-417D-A9DC-DF2126902A48}.Release|Any CPU.Build.0 = Release|Any CPU
		{E744534B-A0FE-4053-BB69-1C48BCD38C02}.Debug|Any CPU.ActiveCfg = Debug|Any CPU
		{E744534B-A0FE-4053-BB69-1C48BCD38C02}.Debug|Any CPU.Build.0 = Debug|Any CPU
		{E744534B-A0FE-4053-BB69-1C48BCD38C02}.Release|Any CPU.ActiveCfg = Release|Any CPU
		{E744534B-A0FE-4053-BB69-1C48BCD38C02}.Release|Any CPU.Build.0 = Release|Any CPU
	EndGlobalSection
	GlobalSection(SolutionProperties) = preSolution
		HideSolutionNode = FALSE
	EndGlobalSection
	GlobalSection(ExtensibilityGlobals) = postSolution
		SolutionGuid = {85B0F3B8-FA17-4BDF-AE0A-069E7B570CE9}
	EndGlobalSection
EndGlobal
